
Microsoft Visual Studio Solution File, Format Version 12.00
# Visual Studio Version 16
VisualStudioVersion = 16.0.30907.101
MinimumVisualStudioVersion = 10.0.40219.1
Project("{888888A0-9F3D-457C-B088-3A5042F75D52}") = "chatlib", "chatlib\chatlib.pyproj", "{24C2A0DA-BBEE-473A-8493-C1ADEAABEEFE}"
EndProject
Global
	GlobalSection(SolutionConfigurationPlatforms) = preSolution
		Debug|Any CPU = Debug|Any CPU
		Release|Any CPU = Release|Any CPU
	EndGlobalSection
	GlobalSection(ProjectConfigurationPlatforms) = postSolution
		{24C2A0DA-BBEE-473A-8493-C1ADEAABEEFE}.Debug|Any CPU.ActiveCfg = Debug|Any CPU
		{24C2A0DA-BBEE-473A-8493-C1ADEAABEEFE}.Release|Any CPU.ActiveCfg = Release|Any CPU
	EndGlobalSection
	GlobalSection(SolutionProperties) = preSolution
		HideSolutionNode = FALSE
	EndGlobalSection
	GlobalSection(ExtensibilityGlobals) = postSolution
		SolutionGuid = {8D4F031D-F620-4F59-B993-592DADD5DBFC}
	EndGlobalSection
EndGlobal
